
Microsoft Visual Studio Solution File, Format Version 12.00
# Visual Studio Version 17
VisualStudioVersion = 17.11.35312.102
MinimumVisualStudioVersion = 10.0.40219.1
Project("{FAE04EC0-301F-11D3-BF4B-00C04F79EFBC}") = "imageProcessingInt", "imageProcessingInt\imageProcessingInt.csproj", "{B39AE019-17A8-4DB2-A0D2-3904D6FE4615}"
EndProject
Global
	GlobalSection(SolutionConfigurationPlatforms) = preSolution
		Debug|Any CPU = Debug|Any CPU
		Release|Any CPU = Release|Any CPU
	EndGlobalSection
	GlobalSection(ProjectConfigurationPlatforms) = postSolution
		{B39AE019-17A8-4DB2-A0D2-3904D6FE4615}.Debug|Any CPU.ActiveCfg = Debug|Any CPU
		{B39AE019-17A8-4DB2-A0D2-3904D6FE4615}.Debug|Any CPU.Build.0 = Debug|Any CPU
		{B39AE019-17A8-4DB2-A0D2-3904D6FE4615}.Release|Any CPU.ActiveCfg = Release|Any CPU
		{B39AE019-17A8-4DB2-A0D2-3904D6FE4615}.Release|Any CPU.Build.0 = Release|Any CPU
	EndGlobalSection
	GlobalSection(SolutionProperties) = preSolution
		HideSolutionNode = FALSE
	EndGlobalSection
	GlobalSection(ExtensibilityGlobals) = postSolution
		SolutionGuid = {D8D83561-0544-4305-9462-A0A50FFC8EA5}
	EndGlobalSection
EndGlobal
